
Microsoft Visual Studio Solution File, Format Version 11.00
# Visual C# Express 2010
Project("{FAE04EC0-301F-11D3-BF4B-00C04F79EFBC}") = "GasTest", "GasTest.csproj", "{D7E82D8C-9C8A-40D3-8288-453E9E5F9A0A}"
EndProject
Global
	GlobalSection(SolutionConfigurationPlatforms) = preSolution
		Debug|x86 = Debug|x86
		Release|x86 = Release|x86
	EndGlobalSection
	GlobalSection(ProjectConfigurationPlatforms) = postSolution
		{D7E82D8C-9C8A-40D3-8288-453E9E5F9A0A}.Debug|x86.ActiveCfg = Debug|x86
		{D7E82D8C-9C8A-40D3-8288-453E9E5F9A0A}.Debug|x86.Build.0 = Debug|x86
		{D7E82D8C-9C8A-40D3-8288-453E9E5F9A0A}.Release|x86.ActiveCfg = Release|x86
		{D7E82D8C-9C8A-40D3-8288-453E9E5F9A0A}.Release|x86.Build.0 = Release|x86
	EndGlobalSection
	GlobalSection(SolutionProperties) = preSolution
		HideSolutionNode = FALSE
	EndGlobalSection
EndGlobal
